{
  "nodes": {
    "nixpkgs": {
      "locked": {
        "lastModified": 1678654296,
        "narHash": "sha256-aVfw3ThpY7vkUeF1rFy10NAkpKDS2imj3IakrzT0Occ=",
        "owner": "nixos",
        "repo": "nixpkgs",
        "rev": "5a1dc8acd977ff3dccd1328b7c4a6995429a656b",
        "type": "github"
      },
      "original": {
        "owner": "nixos",
        "ref": "nixos-unstable",
        "repo": "nixpkgs",
        "type": "github"
      }
    },
    "root": {
      "inputs": {
        "nixpkgs": "nixpkgs"
      }
    }
  },
  "root": "root",
  "version": 7
}
